# Code generated by scarb DO NOT EDIT.
version = 1

[[package]]
name = "corelib_imports"
version = "0.1.3"
source = "registry+https://scarbs.xyz/"
checksum = "sha256:1dbf8982484a6a085a143f2352dfbc716261c50c60551eb03bff5f0167260ad9"

[[package]]
name = "openzeppelin_testing"
version = "6.7.0"
source = "registry+https://scarbs.xyz/"
checksum = "sha256:92ddb00267e9b49baa03e68331d340e702ffe108199f637a30aa8918947e1841"
dependencies = [
 "snforge_std",
]

[[package]]
name = "pq_accounts"
version = "0.1.0"
dependencies = [
 "pqbench_ecdsa_stark",
 "pqbench_falcon_512",
 "pqbench_interface",
]

[[package]]
name = "pqbench_ecdsa_stark"
version = "0.1.0"
dependencies = [
 "openzeppelin_testing",
 "pqbench_interface",
 "snforge_std",
]

[[package]]
name = "pqbench_falcon_512"
version = "0.1.0"
dependencies = [
 "corelib_imports",
 "pqbench_interface",
 "pqbench_ntt",
 "snforge_std",
]

[[package]]
name = "pqbench_interface"
version = "0.1.0"

[[package]]
name = "pqbench_ml_dsa_44"
version = "0.1.0"
dependencies = [
 "pqbench_interface",
 "snforge_std",
]

[[package]]
name = "pqbench_ntt"
version = "0.1.0"
dependencies = [
 "corelib_imports",
 "snforge_std",
]

[[package]]
name = "pqbench_poseidon_wots"
version = "0.1.0"
dependencies = [
 "pqbench_interface",
 "snforge_std",
]

[[package]]
name = "pqbench_targets"
version = "0.1.0"
dependencies = [
 "openzeppelin_testing",
 "pqbench_ecdsa_stark",
 "pqbench_falcon_512",
 "pqbench_interface",
 "snforge_std",
]

[[package]]
name = "snforge_scarb_plugin"
version = "0.59.0"
source = "registry+https://scarbs.xyz/"
checksum = "sha256:871fba677c03b66a1bf40815dac0ab1b385eb1b9be6e6c3cf2ad9788eeb2b6bb"

[[package]]
name = "snforge_std"
version = "0.59.0"
source = "registry+https://scarbs.xyz/"
checksum = "sha256:3620924fa08bd2d740b2b5b01ef86c8dab3d4b9c2206387c8dbdc8d2ec15133e"
dependencies = [
 "snforge_scarb_plugin",
]
